
Microsoft Visual Studio Solution File, Format Version 12.00
# Visual Studio 2012
Project("{FAE04EC0-301F-11D3-BF4B-00C04F79EFBC}") = "facebook_web", "facebook_web\facebook_web.csproj", "{DC87148D-C2B2-44AE-BB43-564A1272403E}"
EndProject
Global
	GlobalSection(SolutionConfigurationPlatforms) = preSolution
		Debug|Any CPU = Debug|Any CPU
		Release|Any CPU = Release|Any CPU
	EndGlobalSection
	GlobalSection(ProjectConfigurationPlatforms) = postSolution
		{DC87148D-C2B2-44AE-BB43-564A1272403E}.Debug|Any CPU.ActiveCfg = Debug|Any CPU
		{DC87148D-C2B2-44AE-BB43-564A1272403E}.Debug|Any CPU.Build.0 = Debug|Any CPU
		{DC87148D-C2B2-44AE-BB43-564A1272403E}.Release|Any CPU.ActiveCfg = Release|Any CPU
		{DC87148D-C2B2-44AE-BB43-564A1272403E}.Release|Any CPU.Build.0 = Release|Any CPU
	EndGlobalSection
	GlobalSection(SolutionProperties) = preSolution
		HideSolutionNode = FALSE
	EndGlobalSection
EndGlobal
